
Microsoft Visual Studio Solution File, Format Version 12.00
# Visual Studio 15
VisualStudioVersion = 15.0.27130.2027
MinimumVisualStudioVersion = 10.0.40219.1
Project("{9A19103F-16F7-4668-BE54-9A1E7A4F7556}") = "myApp", "myApp.csproj", "{1F951CAD-FE89-404D-A462-7B5F960DB706}"
EndProject
Global
	GlobalSection(SolutionConfigurationPlatforms) = preSolution
		Debug|Any CPU = Debug|Any CPU
		Release|Any CPU = Release|Any CPU
	EndGlobalSection
	GlobalSection(ProjectConfigurationPlatforms) = postSolution
		{1F951CAD-FE89-404D-A462-7B5F960DB706}.Debug|Any CPU.ActiveCfg = Debug|Any CPU
		{1F951CAD-FE89-404D-A462-7B5F960DB706}.Debug|Any CPU.Build.0 = Debug|Any CPU
		{1F951CAD-FE89-404D-A462-7B5F960DB706}.Release|Any CPU.ActiveCfg = Release|Any CPU
		{1F951CAD-FE89-404D-A462-7B5F960DB706}.Release|Any CPU.Build.0 = Release|Any CPU
	EndGlobalSection
	GlobalSection(SolutionProperties) = preSolution
		HideSolutionNode = FALSE
	EndGlobalSection
	GlobalSection(ExtensibilityGlobals) = postSolution
		SolutionGuid = {20C3888C-1740-4D49-A01B-F9295B0C7D40}
	EndGlobalSection
EndGlobal
